// !$*UTF8*$!
{
    archiveVersion = 1;
    classes = {
    };
    objectVersion = 77;
    objects = {

/* Begin PBXBuildFile section */
        A00000010000000000000001 /* main.swift in Sources */ = {isa = PBXBuildFile; fileRef = B00000010000000000000001 /* main.swift */; };
        A00000010000000000000002 /* OigoAppDelegate.swift in Sources */ = {isa = PBXBuildFile; fileRef = B00000010000000000000002 /* OigoAppDelegate.swift */; };
        A00000010000000000000003 /* StatusSurfaceController.swift in Sources */ = {isa = PBXBuildFile; fileRef = B00000010000000000000003 /* StatusSurfaceController.swift */; };
        A00000010000000000000004 /* GlobalHotKeyRegistrar.swift in Sources */ = {isa = PBXBuildFile; fileRef = B00000010000000000000004 /* GlobalHotKeyRegistrar.swift */; };
        A00000010000000000000005 /* SettingsWindowController.swift in Sources */ = {isa = PBXBuildFile; fileRef = B00000010000000000000005 /* SettingsWindowController.swift */; };
        A00000010000000000000006 /* DictationCoordinator.swift in Sources */ = {isa = PBXBuildFile; fileRef = B00000010000000000000006 /* DictationCoordinator.swift */; };
        A0000001000000000000000C /* AudioRecorder.swift in Sources */ = {isa = PBXBuildFile; fileRef = B0000001000000000000000F /* AudioRecorder.swift */; };
        A0000001000000000000000D /* AudioPlayback.swift in Sources */ = {isa = PBXBuildFile; fileRef = B00000010000000000000010 /* AudioPlayback.swift */; };
        A0000001000000000000000E /* AudioCapturing.swift in Sources */ = {isa = PBXBuildFile; fileRef = B00000010000000000000011 /* AudioCapturing.swift */; };
        A0000001000000000000000F /* SessionStore.swift in Sources */ = {isa = PBXBuildFile; fileRef = B00000010000000000000012 /* SessionStore.swift */; };
        A00000010000000000000007 /* Foundation.framework in Frameworks */ = {isa = PBXBuildFile; fileRef = B00000010000000000000007 /* Foundation.framework */; };
        A00000010000000000000008 /* AppKit.framework in Frameworks */ = {isa = PBXBuildFile; fileRef = B00000010000000000000008 /* AppKit.framework */; };
        A00000010000000000000009 /* Carbon.framework in Frameworks */ = {isa = PBXBuildFile; fileRef = B00000010000000000000009 /* Carbon.framework */; };
        A0000001000000000000000A /* Foundation.framework in Frameworks */ = {isa = PBXBuildFile; fileRef = B00000010000000000000007 /* Foundation.framework */; };
        A0000001000000000000000B /* libOigoCore.a in Frameworks */ = {isa = PBXBuildFile; fileRef = B0000001000000000000000B /* libOigoCore.a */; };
        A00000010000000000000010 /* AVFAudio.framework in Frameworks */ = {isa = PBXBuildFile; fileRef = B0000001000000000000000D /* AVFAudio.framework */; };
        A00000010000000000000011 /* libOigoCapture.a in Frameworks */ = {isa = PBXBuildFile; fileRef = B0000001000000000000000E /* libOigoCapture.a */; };
        A00000010000000000000012 /* libOigoCore.a in Frameworks */ = {isa = PBXBuildFile; fileRef = B0000001000000000000000B /* libOigoCore.a */; };
        A00000010000000000000013 /* libOigoTranscription.a in Frameworks */ = {isa = PBXBuildFile; fileRef = B00000010000000000000013 /* libOigoTranscription.a */; };
        A00000010000000000000014 /* Speech.framework in Frameworks */ = {isa = PBXBuildFile; fileRef = B00000010000000000000015 /* Speech.framework */; };
        A00000010000000000000015 /* TranscriptionService.swift in Sources */ = {isa = PBXBuildFile; fileRef = B00000010000000000000014 /* TranscriptionService.swift */; };
        A00000010000000000000016 /* TranscriptionContracts.swift in Sources */ = {isa = PBXBuildFile; fileRef = B00000010000000000000016 /* TranscriptionContracts.swift */; };
        A00000010000000000000017 /* libOigoCore.a in Frameworks */ = {isa = PBXBuildFile; fileRef = B0000001000000000000000B /* libOigoCore.a */; };
        A00000010000000000000018 /* AVFAudio.framework in Frameworks */ = {isa = PBXBuildFile; fileRef = B0000001000000000000000D /* AVFAudio.framework */; };
        A00000010000000000000019 /* TranscriptionModels.swift in Sources */ = {isa = PBXBuildFile; fileRef = B00000010000000000000017 /* TranscriptionModels.swift */; };
        A0000001000000000000001A /* SavedAudioRetry.swift in Sources */ = {isa = PBXBuildFile; fileRef = B00000010000000000000018 /* SavedAudioRetry.swift */; };
        A0000001000000000000001B /* TranscriptStore.swift in Sources */ = {isa = PBXBuildFile; fileRef = B00000010000000000000019 /* TranscriptStore.swift */; };
        A0000001000000000000001C /* TranscriptionStartupGate.swift in Sources */ = {isa = PBXBuildFile; fileRef = B0000001000000000000001A /* TranscriptionStartupGate.swift */; };
        A0000001000000000000001D /* InsertionContracts.swift in Sources */ = {isa = PBXBuildFile; fileRef = B0000001000000000000001C /* InsertionContracts.swift */; };
        A0000001000000000000001E /* InsertionService.swift in Sources */ = {isa = PBXBuildFile; fileRef = B0000001000000000000001D /* InsertionService.swift */; };
        A0000001000000000000001F /* ApplicationServices.framework in Frameworks */ = {isa = PBXBuildFile; fileRef = B0000001000000000000001E /* ApplicationServices.framework */; };
        A00000010000000000000020 /* CoreGraphics.framework in Frameworks */ = {isa = PBXBuildFile; fileRef = B0000001000000000000001F /* CoreGraphics.framework */; };
        A00000010000000000000021 /* libOigoInsertion.a in Frameworks */ = {isa = PBXBuildFile; fileRef = B0000001000000000000001B /* libOigoInsertion.a */; };
        A00000010000000000000022 /* libOigoCore.a in Frameworks */ = {isa = PBXBuildFile; fileRef = B0000001000000000000000B /* libOigoCore.a */; };
        A00000010000000000000023 /* HistoryWindowController.swift in Sources */ = {isa = PBXBuildFile; fileRef = B00000010000000000000020 /* HistoryWindowController.swift */; };
        A00000010000000000000024 /* TranscriptCleanup.swift in Sources */ = {isa = PBXBuildFile; fileRef = B00000010000000000000021 /* TranscriptCleanup.swift */; };
        A00000010000000000000025 /* FoundationModels.framework in Frameworks */ = {isa = PBXBuildFile; fileRef = B00000010000000000000022 /* FoundationModels.framework */; };
        A00000010000000000000026 /* ServiceManagement.framework in Frameworks */ = {isa = PBXBuildFile; fileRef = B00000010000000000000023 /* ServiceManagement.framework */; };
        A00000010000000000000027 /* LaunchAtLoginService.swift in Sources */ = {isa = PBXBuildFile; fileRef = B00000010000000000000024 /* LaunchAtLoginService.swift */; };
        A00000010000000000000028 /* OnboardingWindowController.swift in Sources */ = {isa = PBXBuildFile; fileRef = B00000010000000000000025 /* OnboardingWindowController.swift */; };
        A00000010000000000000029 /* ProductContracts.swift in Sources */ = {isa = PBXBuildFile; fileRef = B00000010000000000000026 /* ProductContracts.swift */; };
        A00000010000000000000030 /* PerformanceContracts.swift in Sources */ = {isa = PBXBuildFile; fileRef = B00000010000000000000027 /* PerformanceContracts.swift */; };
        A00000010000000000000031 /* AppKit.framework in Frameworks */ = {isa = PBXBuildFile; fileRef = B00000010000000000000008 /* AppKit.framework */; };
        A00000010000000000000032 /* Carbon.framework in Frameworks */ = {isa = PBXBuildFile; fileRef = B00000010000000000000009 /* Carbon.framework */; };
        A00000010000000000000033 /* libOigoCore.a in Frameworks */ = {isa = PBXBuildFile; fileRef = B0000001000000000000000B /* libOigoCore.a */; };
        A00000010000000000000034 /* libOigoHotKey.a in Frameworks */ = {isa = PBXBuildFile; fileRef = B00000010000000000000028 /* libOigoHotKey.a */; };
        A00000010000000000000035 /* GlobalShortcutRegistration.swift in Sources */ = {isa = PBXBuildFile; fileRef = B00000010000000000000029 /* GlobalShortcutRegistration.swift */; };
        A00000010000000000000036 /* GlobalShortcutIntentController.swift in Sources */ = {isa = PBXBuildFile; fileRef = B00000010000000000000030 /* GlobalShortcutIntentController.swift */; };
        A00000010000000000000037 /* ShortcutPresentation.swift in Sources */ = {isa = PBXBuildFile; fileRef = B00000010000000000000031 /* ShortcutPresentation.swift */; };
        A00000010000000000000038 /* ShortcutFormatter.swift in Sources */ = {isa = PBXBuildFile; fileRef = B00000010000000000000032 /* ShortcutFormatter.swift */; };
        A00000010000000000000039 /* ShortcutRecorderControl.swift in Sources */ = {isa = PBXBuildFile; fileRef = B00000010000000000000033 /* ShortcutRecorderControl.swift */; };
        A00000010000000000000040 /* GlobalShortcutOperationBridge.swift in Sources */ = {isa = PBXBuildFile; fileRef = B00000010000000000000034 /* GlobalShortcutOperationBridge.swift */; };
        A00000010000000000000041 /* ShortcutConfigurationTransaction.swift in Sources */ = {isa = PBXBuildFile; fileRef = B00000010000000000000035 /* ShortcutConfigurationTransaction.swift */; };
        A00000010000000000000042 /* AudioRecordingOperationFence.swift in Sources */ = {isa = PBXBuildFile; fileRef = B00000010000000000000036 /* AudioRecordingOperationFence.swift */; };
        A00000010000000000000043 /* OperationTaskRegistry.swift in Sources */ = {isa = PBXBuildFile; fileRef = B00000010000000000000037 /* OperationTaskRegistry.swift */; };
        A00000010000000000000044 /* TranscriptionOperationLifecycle.swift in Sources */ = {isa = PBXBuildFile; fileRef = B00000010000000000000038 /* TranscriptionOperationLifecycle.swift */; };
        A00000010000000000000045 /* DurableSessionBootstrap.swift in Sources */ = {isa = PBXBuildFile; fileRef = B00000010000000000000039 /* DurableSessionBootstrap.swift */; };
/* End PBXBuildFile section */

/* Begin PBXContainerItemProxy section */
        K00000010000000000000001 /* PBXContainerItemProxy */ = {
            isa = PBXContainerItemProxy;
            containerPortal = F00000010000000000000001 /* Project object */;
            proxyType = 1;
            remoteGlobalIDString = E00000010000000000000002;
            remoteInfo = OigoCore;
        };
        K00000010000000000000002 /* PBXContainerItemProxy */ = {
            isa = PBXContainerItemProxy;
            containerPortal = F00000010000000000000001 /* Project object */;
            proxyType = 1;
            remoteGlobalIDString = E00000010000000000000003;
            remoteInfo = OigoCapture;
        };
        K00000010000000000000003 /* PBXContainerItemProxy */ = {
            isa = PBXContainerItemProxy;
            containerPortal = F00000010000000000000001 /* Project object */;
            proxyType = 1;
            remoteGlobalIDString = E00000010000000000000002;
            remoteInfo = OigoCore;
        };
        K00000010000000000000004 /* PBXContainerItemProxy */ = {
            isa = PBXContainerItemProxy;
            containerPortal = F00000010000000000000001 /* Project object */;
            proxyType = 1;
            remoteGlobalIDString = E00000010000000000000004;
            remoteInfo = OigoTranscription;
        };
        K00000010000000000000005 /* PBXContainerItemProxy */ = {
            isa = PBXContainerItemProxy;
            containerPortal = F00000010000000000000001 /* Project object */;
            proxyType = 1;
            remoteGlobalIDString = E00000010000000000000002;
            remoteInfo = OigoCore;
        };
        K00000010000000000000006 /* PBXContainerItemProxy */ = {
            isa = PBXContainerItemProxy;
            containerPortal = F00000010000000000000001 /* Project object */;
            proxyType = 1;
            remoteGlobalIDString = E00000010000000000000005;
            remoteInfo = OigoInsertion;
        };
        K00000010000000000000007 /* PBXContainerItemProxy */ = {
            isa = PBXContainerItemProxy;
            containerPortal = F00000010000000000000001 /* Project object */;
            proxyType = 1;
            remoteGlobalIDString = E00000010000000000000006;
            remoteInfo = OigoHotKey;
        };
        K00000010000000000000008 /* PBXContainerItemProxy */ = {
            isa = PBXContainerItemProxy;
            containerPortal = F00000010000000000000001 /* Project object */;
            proxyType = 1;
            remoteGlobalIDString = E00000010000000000000002;
            remoteInfo = OigoCore;
        };
/* End PBXContainerItemProxy section */

/* Begin PBXFileReference section */
        B00000010000000000000001 /* main.swift */ = {isa = PBXFileReference; lastKnownFileType = sourcecode.swift; path = main.swift; sourceTree = "<group>"; };
        B00000010000000000000002 /* OigoAppDelegate.swift */ = {isa = PBXFileReference; lastKnownFileType = sourcecode.swift; path = OigoAppDelegate.swift; sourceTree = "<group>"; };
        B00000010000000000000003 /* StatusSurfaceController.swift */ = {isa = PBXFileReference; lastKnownFileType = sourcecode.swift; path = StatusSurfaceController.swift; sourceTree = "<group>"; };
        B00000010000000000000004 /* GlobalHotKeyRegistrar.swift */ = {isa = PBXFileReference; lastKnownFileType = sourcecode.swift; path = GlobalHotKeyRegistrar.swift; sourceTree = "<group>"; };
        B00000010000000000000005 /* SettingsWindowController.swift */ = {isa = PBXFileReference; lastKnownFileType = sourcecode.swift; path = SettingsWindowController.swift; sourceTree = "<group>"; };
        B00000010000000000000006 /* DictationCoordinator.swift */ = {isa = PBXFileReference; lastKnownFileType = sourcecode.swift; path = DictationCoordinator.swift; sourceTree = "<group>"; };
        B00000010000000000000007 /* Foundation.framework */ = {isa = PBXFileReference; lastKnownFileType = wrapper.framework; name = Foundation.framework; path = System/Library/Frameworks/Foundation.framework; sourceTree = SDKROOT; };
        B00000010000000000000008 /* AppKit.framework */ = {isa = PBXFileReference; lastKnownFileType = wrapper.framework; name = AppKit.framework; path = System/Library/Frameworks/AppKit.framework; sourceTree = SDKROOT; };
        B00000010000000000000009 /* Carbon.framework */ = {isa = PBXFileReference; lastKnownFileType = wrapper.framework; name = Carbon.framework; path = System/Library/Frameworks/Carbon.framework; sourceTree = SDKROOT; };
        B0000001000000000000000A /* Oigo.app */ = {isa = PBXFileReference; explicitFileType = wrapper.application; includeInIndex = 0; path = Oigo.app; sourceTree = BUILT_PRODUCTS_DIR; };
        B0000001000000000000000B /* libOigoCore.a */ = {isa = PBXFileReference; explicitFileType = archive.ar; includeInIndex = 0; path = libOigoCore.a; sourceTree = BUILT_PRODUCTS_DIR; };
        B0000001000000000000000C /* Info.plist */ = {isa = PBXFileReference; lastKnownFileType = text.plist.xml; path = Oigo/Info.plist; sourceTree = "<group>"; };
        B0000001000000000000000D /* AVFAudio.framework */ = {isa = PBXFileReference; lastKnownFileType = wrapper.framework; name = AVFAudio.framework; path = System/Library/Frameworks/AVFAudio.framework; sourceTree = SDKROOT; };
        B0000001000000000000000E /* libOigoCapture.a */ = {isa = PBXFileReference; explicitFileType = archive.ar; includeInIndex = 0; path = libOigoCapture.a; sourceTree = BUILT_PRODUCTS_DIR; };
        B0000001000000000000000F /* AudioRecorder.swift */ = {isa = PBXFileReference; lastKnownFileType = sourcecode.swift; path = AudioRecorder.swift; sourceTree = "<group>"; };
        B00000010000000000000010 /* AudioPlayback.swift */ = {isa = PBXFileReference; lastKnownFileType = sourcecode.swift; path = AudioPlayback.swift; sourceTree = "<group>"; };
        B00000010000000000000011 /* AudioCapturing.swift */ = {isa = PBXFileReference; lastKnownFileType = sourcecode.swift; path = AudioCapturing.swift; sourceTree = "<group>"; };
        B00000010000000000000012 /* SessionStore.swift */ = {isa = PBXFileReference; lastKnownFileType = sourcecode.swift; path = SessionStore.swift; sourceTree = "<group>"; };
        B00000010000000000000013 /* libOigoTranscription.a */ = {isa = PBXFileReference; explicitFileType = archive.ar; includeInIndex = 0; path = libOigoTranscription.a; sourceTree = BUILT_PRODUCTS_DIR; };
        B00000010000000000000014 /* TranscriptionService.swift */ = {isa = PBXFileReference; lastKnownFileType = sourcecode.swift; path = TranscriptionService.swift; sourceTree = "<group>"; };
        B00000010000000000000015 /* Speech.framework */ = {isa = PBXFileReference; lastKnownFileType = wrapper.framework; name = Speech.framework; path = System/Library/Frameworks/Speech.framework; sourceTree = SDKROOT; };
        B00000010000000000000016 /* TranscriptionContracts.swift */ = {isa = PBXFileReference; lastKnownFileType = sourcecode.swift; path = TranscriptionContracts.swift; sourceTree = "<group>"; };
        B00000010000000000000017 /* TranscriptionModels.swift */ = {isa = PBXFileReference; lastKnownFileType = sourcecode.swift; path = TranscriptionModels.swift; sourceTree = "<group>"; };
        B00000010000000000000018 /* SavedAudioRetry.swift */ = {isa = PBXFileReference; lastKnownFileType = sourcecode.swift; path = SavedAudioRetry.swift; sourceTree = "<group>"; };
        B00000010000000000000019 /* TranscriptStore.swift */ = {isa = PBXFileReference; lastKnownFileType = sourcecode.swift; path = TranscriptStore.swift; sourceTree = "<group>"; };
        B0000001000000000000001A /* TranscriptionStartupGate.swift */ = {isa = PBXFileReference; lastKnownFileType = sourcecode.swift; path = TranscriptionStartupGate.swift; sourceTree = "<group>"; };
        B0000001000000000000001B /* libOigoInsertion.a */ = {isa = PBXFileReference; explicitFileType = archive.ar; includeInIndex = 0; path = libOigoInsertion.a; sourceTree = BUILT_PRODUCTS_DIR; };
        B0000001000000000000001C /* InsertionContracts.swift */ = {isa = PBXFileReference; lastKnownFileType = sourcecode.swift; path = InsertionContracts.swift; sourceTree = "<group>"; };
        B0000001000000000000001D /* InsertionService.swift */ = {isa = PBXFileReference; lastKnownFileType = sourcecode.swift; path = InsertionService.swift; sourceTree = "<group>"; };
        B0000001000000000000001E /* ApplicationServices.framework */ = {isa = PBXFileReference; lastKnownFileType = wrapper.framework; name = ApplicationServices.framework; path = System/Library/Frameworks/ApplicationServices.framework; sourceTree = SDKROOT; };
        B0000001000000000000001F /* CoreGraphics.framework */ = {isa = PBXFileReference; lastKnownFileType = wrapper.framework; name = CoreGraphics.framework; path = System/Library/Frameworks/CoreGraphics.framework; sourceTree = SDKROOT; };
        B00000010000000000000020 /* HistoryWindowController.swift */ = {isa = PBXFileReference; lastKnownFileType = sourcecode.swift; path = HistoryWindowController.swift; sourceTree = "<group>"; };
        B00000010000000000000021 /* TranscriptCleanup.swift */ = {isa = PBXFileReference; lastKnownFileType = sourcecode.swift; path = TranscriptCleanup.swift; sourceTree = "<group>"; };
        B00000010000000000000022 /* FoundationModels.framework */ = {isa = PBXFileReference; lastKnownFileType = wrapper.framework; name = FoundationModels.framework; path = System/Library/Frameworks/FoundationModels.framework; sourceTree = SDKROOT; };
        B00000010000000000000023 /* ServiceManagement.framework */ = {isa = PBXFileReference; lastKnownFileType = wrapper.framework; name = ServiceManagement.framework; path = System/Library/Frameworks/ServiceManagement.framework; sourceTree = SDKROOT; };
        B00000010000000000000024 /* LaunchAtLoginService.swift */ = {isa = PBXFileReference; lastKnownFileType = sourcecode.swift; path = LaunchAtLoginService.swift; sourceTree = "<group>"; };
        B00000010000000000000025 /* OnboardingWindowController.swift */ = {isa = PBXFileReference; lastKnownFileType = sourcecode.swift; path = OnboardingWindowController.swift; sourceTree = "<group>"; };
        B00000010000000000000026 /* ProductContracts.swift */ = {isa = PBXFileReference; lastKnownFileType = sourcecode.swift; path = ProductContracts.swift; sourceTree = "<group>"; };
        B00000010000000000000027 /* PerformanceContracts.swift */ = {isa = PBXFileReference; lastKnownFileType = sourcecode.swift; path = PerformanceContracts.swift; sourceTree = "<group>"; };
        B00000010000000000000028 /* libOigoHotKey.a */ = {isa = PBXFileReference; explicitFileType = archive.ar; includeInIndex = 0; path = libOigoHotKey.a; sourceTree = BUILT_PRODUCTS_DIR; };
        B00000010000000000000029 /* GlobalShortcutRegistration.swift */ = {isa = PBXFileReference; lastKnownFileType = sourcecode.swift; path = GlobalShortcutRegistration.swift; sourceTree = "<group>"; };
        B00000010000000000000030 /* GlobalShortcutIntentController.swift */ = {isa = PBXFileReference; lastKnownFileType = sourcecode.swift; path = GlobalShortcutIntentController.swift; sourceTree = "<group>"; };
        B00000010000000000000031 /* ShortcutPresentation.swift */ = {isa = PBXFileReference; lastKnownFileType = sourcecode.swift; path = ShortcutPresentation.swift; sourceTree = "<group>"; };
        B00000010000000000000032 /* ShortcutFormatter.swift */ = {isa = PBXFileReference; lastKnownFileType = sourcecode.swift; path = ShortcutFormatter.swift; sourceTree = "<group>"; };
        B00000010000000000000033 /* ShortcutRecorderControl.swift */ = {isa = PBXFileReference; lastKnownFileType = sourcecode.swift; path = ShortcutRecorderControl.swift; sourceTree = "<group>"; };
        B00000010000000000000034 /* GlobalShortcutOperationBridge.swift */ = {isa = PBXFileReference; lastKnownFileType = sourcecode.swift; path = GlobalShortcutOperationBridge.swift; sourceTree = "<group>"; };
        B00000010000000000000035 /* ShortcutConfigurationTransaction.swift */ = {isa = PBXFileReference; lastKnownFileType = sourcecode.swift; path = ShortcutConfigurationTransaction.swift; sourceTree = "<group>"; };
        B00000010000000000000036 /* AudioRecordingOperationFence.swift */ = {isa = PBXFileReference; lastKnownFileType = sourcecode.swift; path = AudioRecordingOperationFence.swift; sourceTree = "<group>"; };
        B00000010000000000000037 /* OperationTaskRegistry.swift */ = {isa = PBXFileReference; lastKnownFileType = sourcecode.swift; path = OperationTaskRegistry.swift; sourceTree = "<group>"; };
        B00000010000000000000038 /* TranscriptionOperationLifecycle.swift */ = {isa = PBXFileReference; lastKnownFileType = sourcecode.swift; path = TranscriptionOperationLifecycle.swift; sourceTree = "<group>"; };
        B00000010000000000000039 /* DurableSessionBootstrap.swift */ = {isa = PBXFileReference; lastKnownFileType = sourcecode.swift; path = DurableSessionBootstrap.swift; sourceTree = "<group>"; };
/* End PBXFileReference section */

/* Begin PBXFrameworksBuildPhase section */
        D00000010000000000000002 /* Frameworks */ = {
            isa = PBXFrameworksBuildPhase;
            buildActionMask = 2147483647;
            files = (
                A00000010000000000000007 /* Foundation.framework in Frameworks */,
                A00000010000000000000008 /* AppKit.framework in Frameworks */,
                A00000010000000000000009 /* Carbon.framework in Frameworks */,
                A0000001000000000000000B /* libOigoCore.a in Frameworks */,
                A00000010000000000000010 /* AVFAudio.framework in Frameworks */,
                A00000010000000000000011 /* libOigoCapture.a in Frameworks */,
                A00000010000000000000013 /* libOigoTranscription.a in Frameworks */,
                A00000010000000000000021 /* libOigoInsertion.a in Frameworks */,
                A00000010000000000000034 /* libOigoHotKey.a in Frameworks */,
                A00000010000000000000026 /* ServiceManagement.framework in Frameworks */,
            );
            runOnlyForDeploymentPostprocessing = 0;
        };
        D00000010000000000000004 /* Frameworks */ = {
            isa = PBXFrameworksBuildPhase;
            buildActionMask = 2147483647;
            files = (
                A0000001000000000000000A /* Foundation.framework in Frameworks */,
            );
            runOnlyForDeploymentPostprocessing = 0;
        };
        D00000010000000000000006 /* Frameworks */ = {
            isa = PBXFrameworksBuildPhase;
            buildActionMask = 2147483647;
            files = (
                A0000001000000000000000A /* Foundation.framework in Frameworks */,
                A00000010000000000000010 /* AVFAudio.framework in Frameworks */,
                A00000010000000000000012 /* libOigoCore.a in Frameworks */,
            );
            runOnlyForDeploymentPostprocessing = 0;
        };
        D00000010000000000000009 /* Frameworks */ = {
            isa = PBXFrameworksBuildPhase;
            buildActionMask = 2147483647;
            files = (
                A00000010000000000000017 /* libOigoCore.a in Frameworks */,
                A00000010000000000000018 /* AVFAudio.framework in Frameworks */,
                A00000010000000000000014 /* Speech.framework in Frameworks */,
                A00000010000000000000025 /* FoundationModels.framework in Frameworks */,
            );
            runOnlyForDeploymentPostprocessing = 0;
        };
        D00000010000000000000010 /* Frameworks */ = {
            isa = PBXFrameworksBuildPhase;
            buildActionMask = 2147483647;
            files = (
                A0000001000000000000000A /* Foundation.framework in Frameworks */,
                A00000010000000000000008 /* AppKit.framework in Frameworks */,
                A0000001000000000000001F /* ApplicationServices.framework in Frameworks */,
                A00000010000000000000020 /* CoreGraphics.framework in Frameworks */,
                A00000010000000000000022 /* libOigoCore.a in Frameworks */,
            );
            runOnlyForDeploymentPostprocessing = 0;
        };
        D00000010000000000000012 /* Frameworks */ = {
            isa = PBXFrameworksBuildPhase;
            buildActionMask = 2147483647;
            files = (
                A00000010000000000000031 /* AppKit.framework in Frameworks */,
                A00000010000000000000032 /* Carbon.framework in Frameworks */,
                A00000010000000000000033 /* libOigoCore.a in Frameworks */,
            );
            runOnlyForDeploymentPostprocessing = 0;
        };
/* End PBXFrameworksBuildPhase section */

/* Begin PBXGroup section */
        C00000010000000000000001 = {
            isa = PBXGroup;
            children = (
                C00000010000000000000002 /* Oigo */,
                C00000010000000000000003 /* OigoCore */,
                C00000010000000000000006 /* OigoCapture */,
                C00000010000000000000007 /* OigoTranscription */,
                C00000010000000000000008 /* OigoInsertion */,
                C00000010000000000000009 /* OigoHotKey */,
                B0000001000000000000000C /* Info.plist */,
                C00000010000000000000004 /* Frameworks */,
                C00000010000000000000005 /* Products */,
            );
            sourceTree = "<group>";
        };
        C00000010000000000000002 /* Oigo */ = {
            isa = PBXGroup;
            children = (
                B00000010000000000000001 /* main.swift */,
                B00000010000000000000002 /* OigoAppDelegate.swift */,
                B00000010000000000000003 /* StatusSurfaceController.swift */,
                B00000010000000000000005 /* SettingsWindowController.swift */,
                B00000010000000000000020 /* HistoryWindowController.swift */,
                B00000010000000000000024 /* LaunchAtLoginService.swift */,
                B00000010000000000000025 /* OnboardingWindowController.swift */,
            );
            path = Sources/Oigo;
            sourceTree = "<group>";
        };
        C00000010000000000000009 /* OigoHotKey */ = {
            isa = PBXGroup;
            children = (
                B00000010000000000000004 /* GlobalHotKeyRegistrar.swift */,
                B00000010000000000000029 /* GlobalShortcutRegistration.swift */,
                B00000010000000000000032 /* ShortcutFormatter.swift */,
                B00000010000000000000033 /* ShortcutRecorderControl.swift */,
                B00000010000000000000035 /* ShortcutConfigurationTransaction.swift */,
            );
            path = Sources/OigoHotKey;
            sourceTree = "<group>";
        };
        C00000010000000000000003 /* OigoCore */ = {
            isa = PBXGroup;
            children = (
                B00000010000000000000006 /* DictationCoordinator.swift */,
                B00000010000000000000011 /* AudioCapturing.swift */,
                B00000010000000000000012 /* SessionStore.swift */,
                B00000010000000000000016 /* TranscriptionContracts.swift */,
                B00000010000000000000026 /* ProductContracts.swift */,
                B00000010000000000000027 /* PerformanceContracts.swift */,
                B00000010000000000000030 /* GlobalShortcutIntentController.swift */,
                B00000010000000000000031 /* ShortcutPresentation.swift */,
                B00000010000000000000034 /* GlobalShortcutOperationBridge.swift */,
                B00000010000000000000037 /* OperationTaskRegistry.swift */,
                B00000010000000000000038 /* TranscriptionOperationLifecycle.swift */,
                B00000010000000000000039 /* DurableSessionBootstrap.swift */,
            );
            path = Sources/OigoCore;
            sourceTree = "<group>";
        };
        C00000010000000000000006 /* OigoCapture */ = {
            isa = PBXGroup;
            children = (
                B0000001000000000000000F /* AudioRecorder.swift */,
                B00000010000000000000036 /* AudioRecordingOperationFence.swift */,
                B00000010000000000000010 /* AudioPlayback.swift */,
            );
            path = Sources/OigoCapture;
            sourceTree = "<group>";
        };
        C00000010000000000000007 /* OigoTranscription */ = {
            isa = PBXGroup;
            children = (
                B00000010000000000000017 /* TranscriptionModels.swift */,
                B00000010000000000000018 /* SavedAudioRetry.swift */,
                B00000010000000000000019 /* TranscriptStore.swift */,
                B0000001000000000000001A /* TranscriptionStartupGate.swift */,
                B00000010000000000000014 /* TranscriptionService.swift */,
                B00000010000000000000021 /* TranscriptCleanup.swift */,
            );
            path = Sources/OigoTranscription;
            sourceTree = "<group>";
        };
        C00000010000000000000008 /* OigoInsertion */ = {
            isa = PBXGroup;
            children = (
                B0000001000000000000001C /* InsertionContracts.swift */,
                B0000001000000000000001D /* InsertionService.swift */,
            );
            path = Sources/OigoInsertion;
            sourceTree = "<group>";
        };
        C00000010000000000000004 /* Frameworks */ = {
            isa = PBXGroup;
            children = (
                B00000010000000000000007 /* Foundation.framework */,
                B00000010000000000000008 /* AppKit.framework */,
                B00000010000000000000009 /* Carbon.framework */,
                B0000001000000000000000D /* AVFAudio.framework */,
                B00000010000000000000015 /* Speech.framework */,
                B00000010000000000000023 /* ServiceManagement.framework */,
            );
            name = Frameworks;
            sourceTree = "<group>";
        };
        C00000010000000000000005 /* Products */ = {
            isa = PBXGroup;
            children = (
                B0000001000000000000000A /* Oigo.app */,
                B0000001000000000000000B /* libOigoCore.a */,
                B0000001000000000000000E /* libOigoCapture.a */,
                B00000010000000000000013 /* libOigoTranscription.a */,
                B0000001000000000000001B /* libOigoInsertion.a */,
                B00000010000000000000028 /* libOigoHotKey.a */,
            );
            name = Products;
            sourceTree = "<group>";
        };
/* End PBXGroup section */

/* Begin PBXNativeTarget section */
        E00000010000000000000001 /* Oigo */ = {
            isa = PBXNativeTarget;
            buildConfigurationList = H00000010000000000000011 /* Build configuration list for PBXNativeTarget "Oigo" */;
            buildPhases = (
                D00000010000000000000001 /* Sources */,
                D00000010000000000000002 /* Frameworks */,
                D00000010000000000000005 /* Resources */,
            );
            buildRules = (
            );
            dependencies = (
                J00000010000000000000001 /* PBXTargetDependency */,
                J00000010000000000000002 /* PBXTargetDependency */,
                J00000010000000000000004 /* PBXTargetDependency */,
                J00000010000000000000007 /* PBXTargetDependency */,
                J00000010000000000000008 /* PBXTargetDependency */,
            );
            name = Oigo;
            productName = Oigo;
            productReference = B0000001000000000000000A /* Oigo.app */;
            productType = "com.apple.product-type.application";
        };
        E00000010000000000000002 /* OigoCore */ = {
            isa = PBXNativeTarget;
            buildConfigurationList = I00000010000000000000011 /* Build configuration list for PBXNativeTarget "OigoCore" */;
            buildPhases = (
                D00000010000000000000003 /* Sources */,
                D00000010000000000000004 /* Frameworks */,
            );
            buildRules = (
            );
            dependencies = (
            );
            name = OigoCore;
            productName = OigoCore;
            productReference = B0000001000000000000000B /* libOigoCore.a */;
            productType = "com.apple.product-type.library.static";
        };
        E00000010000000000000003 /* OigoCapture */ = {
            isa = PBXNativeTarget;
            buildConfigurationList = L00000010000000000000011 /* Build configuration list for PBXNativeTarget "OigoCapture" */;
            buildPhases = (
                D00000010000000000000007 /* Sources */,
                D00000010000000000000006 /* Frameworks */,
            );
            buildRules = (
            );
            dependencies = (
                J00000010000000000000003 /* PBXTargetDependency */,
            );
            name = OigoCapture;
            productName = OigoCapture;
            productReference = B0000001000000000000000E /* libOigoCapture.a */;
            productType = "com.apple.product-type.library.static";
        };
        E00000010000000000000004 /* OigoTranscription */ = {
            isa = PBXNativeTarget;
            buildConfigurationList = M00000010000000000000011 /* Build configuration list for PBXNativeTarget "OigoTranscription" */;
            buildPhases = (
                D00000010000000000000008 /* Sources */,
                D00000010000000000000009 /* Frameworks */,
            );
            buildRules = (
            );
            dependencies = (
                J00000010000000000000005 /* PBXTargetDependency */,
            );
            name = OigoTranscription;
            productName = OigoTranscription;
            productReference = B00000010000000000000013 /* libOigoTranscription.a */;
            productType = "com.apple.product-type.library.static";
        };
        E00000010000000000000005 /* OigoInsertion */ = {
            isa = PBXNativeTarget;
            buildConfigurationList = N00000010000000000000011 /* Build configuration list for PBXNativeTarget "OigoInsertion" */;
            buildPhases = (
                D00000010000000000000011 /* Sources */,
                D00000010000000000000010 /* Frameworks */,
            );
            buildRules = (
            );
            dependencies = (
                J00000010000000000000006 /* PBXTargetDependency */,
            );
            name = OigoInsertion;
            productName = OigoInsertion;
            productReference = B0000001000000000000001B /* libOigoInsertion.a */;
            productType = "com.apple.product-type.library.static";
        };
        E00000010000000000000006 /* OigoHotKey */ = {
            isa = PBXNativeTarget;
            buildConfigurationList = O00000010000000000000011 /* Build configuration list for PBXNativeTarget "OigoHotKey" */;
            buildPhases = (
                D00000010000000000000013 /* Sources */,
                D00000010000000000000012 /* Frameworks */,
            );
            buildRules = (
            );
            dependencies = (
                J00000010000000000000009 /* PBXTargetDependency */,
            );
            name = OigoHotKey;
            productName = OigoHotKey;
            productReference = B00000010000000000000028 /* libOigoHotKey.a */;
            productType = "com.apple.product-type.library.static";
        };
/* End PBXNativeTarget section */

/* Begin PBXProject section */
        F00000010000000000000001 /* Project object */ = {
            isa = PBXProject;
            attributes = {
                LastSwiftUpdateCheck = 1600;
                ORGANIZATIONNAME = Oigo;
                TargetAttributes = {
                    E00000010000000000000001 = {
                        CreatedOnToolsVersion = 16.0;
                    };
                    E00000010000000000000002 = {
                        CreatedOnToolsVersion = 16.0;
                    };
                    E00000010000000000000003 = {
                        CreatedOnToolsVersion = 16.0;
                    };
                    E00000010000000000000004 = {
                        CreatedOnToolsVersion = 16.0;
                    };
                    E00000010000000000000005 = {
                        CreatedOnToolsVersion = 16.0;
                    };
                    E00000010000000000000006 = {
                        CreatedOnToolsVersion = 16.0;
                    };
                };
            };
            buildConfigurationList = G00000010000000000000011 /* Build configuration list for PBXProject "Oigo" */;
            compatibilityVersion = "Xcode 16.0";
            developmentRegion = en;
            hasScannedForEncodings = 0;
            knownRegions = (
                en,
                Base,
            );
            mainGroup = C00000010000000000000001;
            productRefGroup = C00000010000000000000005 /* Products */;
            projectDirPath = "";
            projectRoot = "";
            targets = (
                E00000010000000000000001 /* Oigo */,
                E00000010000000000000002 /* OigoCore */,
                E00000010000000000000003 /* OigoCapture */,
                E00000010000000000000004 /* OigoTranscription */,
                E00000010000000000000005 /* OigoInsertion */,
                E00000010000000000000006 /* OigoHotKey */,
            );
        };
/* End PBXProject section */

/* Begin PBXResourcesBuildPhase section */
        D00000010000000000000005 /* Resources */ = {
            isa = PBXResourcesBuildPhase;
            buildActionMask = 2147483647;
            files = (
            );
            runOnlyForDeploymentPostprocessing = 0;
        };
/* End PBXResourcesBuildPhase section */

/* Begin PBXShellScriptBuildPhase section */
/* End PBXShellScriptBuildPhase section */

/* Begin PBXSourcesBuildPhase section */
        D00000010000000000000001 /* Sources */ = {
            isa = PBXSourcesBuildPhase;
            buildActionMask = 2147483647;
            files = (
                A00000010000000000000001 /* main.swift in Sources */,
                A00000010000000000000002 /* OigoAppDelegate.swift in Sources */,
                A00000010000000000000003 /* StatusSurfaceController.swift in Sources */,
                A00000010000000000000005 /* SettingsWindowController.swift in Sources */,
                A00000010000000000000023 /* HistoryWindowController.swift in Sources */,
                A00000010000000000000027 /* LaunchAtLoginService.swift in Sources */,
                A00000010000000000000028 /* OnboardingWindowController.swift in Sources */,
            );
            runOnlyForDeploymentPostprocessing = 0;
        };
        D00000010000000000000013 /* Sources */ = {
            isa = PBXSourcesBuildPhase;
            buildActionMask = 2147483647;
            files = (
                A00000010000000000000004 /* GlobalHotKeyRegistrar.swift in Sources */,
                A00000010000000000000035 /* GlobalShortcutRegistration.swift in Sources */,
                A00000010000000000000038 /* ShortcutFormatter.swift in Sources */,
                A00000010000000000000039 /* ShortcutRecorderControl.swift in Sources */,
                A00000010000000000000041 /* ShortcutConfigurationTransaction.swift in Sources */,
            );
            runOnlyForDeploymentPostprocessing = 0;
        };
        D00000010000000000000003 /* Sources */ = {
            isa = PBXSourcesBuildPhase;
            buildActionMask = 2147483647;
            files = (
                A00000010000000000000006 /* DictationCoordinator.swift in Sources */,
                A0000001000000000000000E /* AudioCapturing.swift in Sources */,
                A0000001000000000000000F /* SessionStore.swift in Sources */,
                A00000010000000000000016 /* TranscriptionContracts.swift in Sources */,
                A00000010000000000000029 /* ProductContracts.swift in Sources */,
                A00000010000000000000030 /* PerformanceContracts.swift in Sources */,
                A00000010000000000000036 /* GlobalShortcutIntentController.swift in Sources */,
                A00000010000000000000037 /* ShortcutPresentation.swift in Sources */,
                A00000010000000000000040 /* GlobalShortcutOperationBridge.swift in Sources */,
                A00000010000000000000043 /* OperationTaskRegistry.swift in Sources */,
                A00000010000000000000044 /* TranscriptionOperationLifecycle.swift in Sources */,
                A00000010000000000000045 /* DurableSessionBootstrap.swift in Sources */,
            );
            runOnlyForDeploymentPostprocessing = 0;
        };
        D00000010000000000000007 /* Sources */ = {
            isa = PBXSourcesBuildPhase;
            buildActionMask = 2147483647;
            files = (
                A0000001000000000000000C /* AudioRecorder.swift in Sources */,
                A00000010000000000000042 /* AudioRecordingOperationFence.swift in Sources */,
                A0000001000000000000000D /* AudioPlayback.swift in Sources */,
            );
            runOnlyForDeploymentPostprocessing = 0;
        };
        D00000010000000000000008 /* Sources */ = {
            isa = PBXSourcesBuildPhase;
            buildActionMask = 2147483647;
            files = (
                A00000010000000000000019 /* TranscriptionModels.swift in Sources */,
                A0000001000000000000001A /* SavedAudioRetry.swift in Sources */,
                A0000001000000000000001B /* TranscriptStore.swift in Sources */,
                A0000001000000000000001C /* TranscriptionStartupGate.swift in Sources */,
                A00000010000000000000015 /* TranscriptionService.swift in Sources */,
                A00000010000000000000024 /* TranscriptCleanup.swift in Sources */,
            );
            runOnlyForDeploymentPostprocessing = 0;
        };
        D00000010000000000000011 /* Sources */ = {
            isa = PBXSourcesBuildPhase;
            buildActionMask = 2147483647;
            files = (
                A0000001000000000000001D /* InsertionContracts.swift in Sources */,
                A0000001000000000000001E /* InsertionService.swift in Sources */,
            );
            runOnlyForDeploymentPostprocessing = 0;
        };
/* End PBXSourcesBuildPhase section */

/* Begin PBXTargetDependency section */
        J00000010000000000000001 /* PBXTargetDependency */ = {
            isa = PBXTargetDependency;
            target = E00000010000000000000002 /* OigoCore */;
            targetProxy = K00000010000000000000001 /* PBXContainerItemProxy */;
        };
        J00000010000000000000002 /* PBXTargetDependency */ = {
            isa = PBXTargetDependency;
            target = E00000010000000000000003 /* OigoCapture */;
            targetProxy = K00000010000000000000002 /* PBXContainerItemProxy */;
        };
        J00000010000000000000003 /* PBXTargetDependency */ = {
            isa = PBXTargetDependency;
            target = E00000010000000000000002 /* OigoCore */;
            targetProxy = K00000010000000000000003 /* PBXContainerItemProxy */;
        };
        J00000010000000000000004 /* PBXTargetDependency */ = {
            isa = PBXTargetDependency;
            target = E00000010000000000000004 /* OigoTranscription */;
            targetProxy = K00000010000000000000004 /* PBXContainerItemProxy */;
        };
        J00000010000000000000005 /* PBXTargetDependency */ = {
            isa = PBXTargetDependency;
            target = E00000010000000000000002 /* OigoCore */;
            targetProxy = K00000010000000000000005 /* PBXContainerItemProxy */;
        };
        J00000010000000000000006 /* PBXTargetDependency */ = {
            isa = PBXTargetDependency;
            target = E00000010000000000000002 /* OigoCore */;
            targetProxy = K00000010000000000000003 /* PBXContainerItemProxy */;
        };
        J00000010000000000000007 /* PBXTargetDependency */ = {
            isa = PBXTargetDependency;
            target = E00000010000000000000005 /* OigoInsertion */;
            targetProxy = K00000010000000000000006 /* PBXContainerItemProxy */;
        };
        J00000010000000000000008 /* PBXTargetDependency */ = {
            isa = PBXTargetDependency;
            target = E00000010000000000000006 /* OigoHotKey */;
            targetProxy = K00000010000000000000007 /* PBXContainerItemProxy */;
        };
        J00000010000000000000009 /* PBXTargetDependency */ = {
            isa = PBXTargetDependency;
            target = E00000010000000000000002 /* OigoCore */;
            targetProxy = K00000010000000000000008 /* PBXContainerItemProxy */;
        };
/* End PBXTargetDependency section */

/* Begin XCBuildConfiguration section */
        G00000010000000000000001 /* Debug */ = {
            isa = XCBuildConfiguration;
            buildSettings = {
                MACOSX_DEPLOYMENT_TARGET = 13.0;
                ONLY_ACTIVE_ARCH = NO;
                SWIFT_VERSION = 6.0;
            };
            name = Debug;
        };
        G00000010000000000000002 /* Release */ = {
            isa = XCBuildConfiguration;
            buildSettings = {
                MACOSX_DEPLOYMENT_TARGET = 13.0;
                ONLY_ACTIVE_ARCH = NO;
                SWIFT_VERSION = 6.0;
            };
            name = Release;
        };
        H00000010000000000000001 /* Debug */ = {
            isa = XCBuildConfiguration;
            buildSettings = {
                ARCHS = "$(ARCHS_STANDARD)";
                CODE_SIGNING_ALLOWED = NO;
                CODE_SIGN_IDENTITY = "";
                INFOPLIST_FILE = Oigo/Info.plist;
                MACOSX_DEPLOYMENT_TARGET = 13.0;
                ONLY_ACTIVE_ARCH = NO;
                PRODUCT_BUNDLE_IDENTIFIER = com.oigo.app;
                PRODUCT_NAME = Oigo;
                SWIFT_STRICT_CONCURRENCY = complete;
            };
            name = Debug;
        };
        H00000010000000000000002 /* Release */ = {
            isa = XCBuildConfiguration;
            buildSettings = {
                ARCHS = "$(ARCHS_STANDARD)";
                CODE_SIGNING_ALLOWED = NO;
                CODE_SIGN_IDENTITY = "";
                INFOPLIST_FILE = Oigo/Info.plist;
                MACOSX_DEPLOYMENT_TARGET = 13.0;
                ONLY_ACTIVE_ARCH = NO;
                PRODUCT_BUNDLE_IDENTIFIER = com.oigo.app;
                PRODUCT_NAME = Oigo;
                SWIFT_STRICT_CONCURRENCY = complete;
            };
            name = Release;
        };
        I00000010000000000000001 /* Debug */ = {
            isa = XCBuildConfiguration;
            buildSettings = {
                ARCHS = "$(ARCHS_STANDARD)";
                CODE_SIGNING_ALLOWED = NO;
                CODE_SIGN_IDENTITY = "";
                MACOSX_DEPLOYMENT_TARGET = 13.0;
                PRODUCT_NAME = OigoCore;
                SWIFT_STRICT_CONCURRENCY = complete;
            };
            name = Debug;
        };
        I00000010000000000000002 /* Release */ = {
            isa = XCBuildConfiguration;
            buildSettings = {
                ARCHS = "$(ARCHS_STANDARD)";
                MACOSX_DEPLOYMENT_TARGET = 13.0;
                PRODUCT_NAME = OigoCore;
                SWIFT_STRICT_CONCURRENCY = complete;
            };
            name = Release;
        };
        L00000010000000000000001 /* Debug */ = {
            isa = XCBuildConfiguration;
            buildSettings = {
                ARCHS = "$(ARCHS_STANDARD)";
                CODE_SIGNING_ALLOWED = NO;
                CODE_SIGN_IDENTITY = "";
                MACOSX_DEPLOYMENT_TARGET = 13.0;
                PRODUCT_NAME = OigoCapture;
                SWIFT_STRICT_CONCURRENCY = complete;
            };
            name = Debug;
        };
        L00000010000000000000002 /* Release */ = {
            isa = XCBuildConfiguration;
            buildSettings = {
                ARCHS = "$(ARCHS_STANDARD)";
                MACOSX_DEPLOYMENT_TARGET = 13.0;
                PRODUCT_NAME = OigoCapture;
                SWIFT_STRICT_CONCURRENCY = complete;
            };
            name = Release;
        };
        M00000010000000000000001 /* Debug */ = {
            isa = XCBuildConfiguration;
            buildSettings = {
                ARCHS = "$(ARCHS_STANDARD)";
                CODE_SIGNING_ALLOWED = NO;
                CODE_SIGN_IDENTITY = "";
                MACOSX_DEPLOYMENT_TARGET = 13.0;
                PRODUCT_NAME = OigoTranscription;
                SWIFT_STRICT_CONCURRENCY = complete;
            };
            name = Debug;
        };
        M00000010000000000000002 /* Release */ = {
            isa = XCBuildConfiguration;
            buildSettings = {
                ARCHS = "$(ARCHS_STANDARD)";
                MACOSX_DEPLOYMENT_TARGET = 13.0;
                PRODUCT_NAME = OigoTranscription;
                SWIFT_STRICT_CONCURRENCY = complete;
            };
            name = Release;
        };
        N00000010000000000000001 /* Debug */ = {
            isa = XCBuildConfiguration;
            buildSettings = {
                ARCHS = "$(ARCHS_STANDARD)";
                CODE_SIGNING_ALLOWED = NO;
                CODE_SIGN_IDENTITY = "";
                MACOSX_DEPLOYMENT_TARGET = 13.0;
                PRODUCT_NAME = OigoInsertion;
                SWIFT_STRICT_CONCURRENCY = complete;
            };
            name = Debug;
        };
        N00000010000000000000002 /* Release */ = {
            isa = XCBuildConfiguration;
            buildSettings = {
                ARCHS = "$(ARCHS_STANDARD)";
                MACOSX_DEPLOYMENT_TARGET = 13.0;
                PRODUCT_NAME = OigoInsertion;
                SWIFT_STRICT_CONCURRENCY = complete;
            };
            name = Release;
        };
        O00000010000000000000001 /* Debug */ = {
            isa = XCBuildConfiguration;
            buildSettings = {
                ARCHS = "$(ARCHS_STANDARD)";
                CODE_SIGNING_ALLOWED = NO;
                CODE_SIGN_IDENTITY = "";
                MACOSX_DEPLOYMENT_TARGET = 13.0;
                PRODUCT_NAME = OigoHotKey;
                SWIFT_STRICT_CONCURRENCY = complete;
            };
            name = Debug;
        };
        O00000010000000000000002 /* Release */ = {
            isa = XCBuildConfiguration;
            buildSettings = {
                ARCHS = "$(ARCHS_STANDARD)";
                MACOSX_DEPLOYMENT_TARGET = 13.0;
                PRODUCT_NAME = OigoHotKey;
                SWIFT_STRICT_CONCURRENCY = complete;
            };
            name = Release;
        };
/* End XCBuildConfiguration section */

/* Begin XCConfigurationList section */
        G00000010000000000000011 /* Build configuration list for PBXProject "Oigo" */ = {
            isa = XCConfigurationList;
            buildConfigurations = (
                G00000010000000000000001 /* Debug */,
                G00000010000000000000002 /* Release */,
            );
            defaultConfigurationIsVisible = 0;
            defaultConfigurationName = Release;
        };
        H00000010000000000000011 /* Build configuration list for PBXNativeTarget "Oigo" */ = {
            isa = XCConfigurationList;
            buildConfigurations = (
                H00000010000000000000001 /* Debug */,
                H00000010000000000000002 /* Release */,
            );
            defaultConfigurationIsVisible = 0;
            defaultConfigurationName = Release;
        };
        I00000010000000000000011 /* Build configuration list for PBXNativeTarget "OigoCore" */ = {
            isa = XCConfigurationList;
            buildConfigurations = (
                I00000010000000000000001 /* Debug */,
                I00000010000000000000002 /* Release */,
            );
            defaultConfigurationIsVisible = 0;
            defaultConfigurationName = Release;
        };
        L00000010000000000000011 /* Build configuration list for PBXNativeTarget "OigoCapture" */ = {
            isa = XCConfigurationList;
            buildConfigurations = (
                L00000010000000000000001 /* Debug */,
                L00000010000000000000002 /* Release */,
            );
            defaultConfigurationIsVisible = 0;
            defaultConfigurationName = Release;
        };
        M00000010000000000000011 /* Build configuration list for PBXNativeTarget "OigoTranscription" */ = {
            isa = XCConfigurationList;
            buildConfigurations = (
                M00000010000000000000001 /* Debug */,
                M00000010000000000000002 /* Release */,
            );
            defaultConfigurationIsVisible = 0;
            defaultConfigurationName = Release;
        };
        N00000010000000000000011 /* Build configuration list for PBXNativeTarget "OigoInsertion" */ = {
            isa = XCConfigurationList;
            buildConfigurations = (
                N00000010000000000000001 /* Debug */,
                N00000010000000000000002 /* Release */,
            );
            defaultConfigurationIsVisible = 0;
            defaultConfigurationName = Release;
        };
        O00000010000000000000011 /* Build configuration list for PBXNativeTarget "OigoHotKey" */ = {
            isa = XCConfigurationList;
            buildConfigurations = (
                O00000010000000000000001 /* Debug */,
                O00000010000000000000002 /* Release */,
            );
            defaultConfigurationIsVisible = 0;
            defaultConfigurationName = Release;
        };
/* End XCConfigurationList section */
    };
    rootObject = F00000010000000000000001 /* Project object */;
}
